<?xml version="1.0" encoding="utf-8"?>
<Project ToolsVersion="4.0" xmlns="http://schemas.microsoft.com/developer/msbuild/2003">
  <ItemGroup>
    <Filter Include="Components">
      <UniqueIdentifier>{6B7DD516-5735-1764-C03C-F0BFAC13B254}</UniqueIdentifier>
    </Filter>
    <Filter Include="Generated">
      <UniqueIdentifier>{3416FE7D-A080-B2F4-E9BE-639A55689049}</UniqueIdentifier>
    </Filter>
    <Filter Include="Systems">
      <UniqueIdentifier>{1DDE831B-89BD-02B7-92D5-8D8DFE336918}</UniqueIdentifier>
    </Filter>
  </ItemGroup>
  <ItemGroup>
    <ClInclude Include="src\Components\AsteroidComponent.h">
      <Filter>Components</Filter>
    </ClInclude>
    <ClInclude Include="src\Components\AsteroidSpawner.h">
      <Filter>Components</Filter>
    </ClInclude>
    <ClInclude Include="src\Components\LaserComponent.h">
      <Filter>Components</Filter>
    </ClInclude>
    <ClInclude Include="src\Components\PlayerComponent.h">
      <Filter>Components</Filter>
    </ClInclude>
    <ClInclude Include="src\Generated\Init.h">
      <Filter>Generated</Filter>
    </ClInclude>
    <ClInclude Include="src\Generated\LaserComponent.Gen.h">
      <Filter>Generated</Filter>
    </ClInclude>
    <ClInclude Include="src\SandboxLayer.h" />
    <ClInclude Include="src\Systems\AsteroidDeathSystem.h">
      <Filter>Systems</Filter>
    </ClInclude>
    <ClInclude Include="src\Systems\AsteroidSpawnSystem.h">
      <Filter>Systems</Filter>
    </ClInclude>
    <ClInclude Include="src\Systems\LaserSpawnSystem.h">
      <Filter>Systems</Filter>
    </ClInclude>
    <ClInclude Include="src\Systems\WindowLoopSystem.h">
      <Filter>Systems</Filter>
    </ClInclude>
  </ItemGroup>
  <ItemGroup>
    <ClCompile Include="src\Sandbox.cpp" />
    <ClCompile Include="src\SandboxLayer.cpp" />
    <ClCompile Include="src\Systems\AsteroidDeathSystem.cpp">
      <Filter>Systems</Filter>
    </ClCompile>
    <ClCompile Include="src\Systems\AsteroidSpawnSystem.cpp">
      <Filter>Systems</Filter>
    </ClCompile>
    <ClCompile Include="src\Systems\LaserSpawnSystem.cpp">
      <Filter>Systems</Filter>
    </ClCompile>
    <ClCompile Include="src\Systems\WindowLoopSystem.cpp">
      <Filter>Systems</Filter>
    </ClCompile>
  </ItemGroup>
</Project>